<?xml version="1.0" encoding="utf-8"?>
<Project ToolsVersion="4.0" xmlns="http://schemas.microsoft.com/developer/msbuild/2003">
  <ItemGroup>
    <Filter Include="Source Files">
      <UniqueIdentifier>{4FC737F1-C7A5-4376-A066-2A32D752A2FF}</UniqueIdentifier>
      <Extensions>cpp;c;cc;cxx;def;odl;idl;hpj;bat;asm;asmx</Extensions>
    </Filter>
    <Filter Include="Header Files">
      <UniqueIdentifier>{93995380-89BD-4b04-88EB-625FBE52EBFB}</UniqueIdentifier>
      <Extensions>h;hpp;hxx;hm;inl;inc;xsd</Extensions>
    </Filter>
    <Filter Include="Resource Files">
      <UniqueIdentifier>{67DA6AB6-F800-4c08-8B7A-83BB121AAD01}</UniqueIdentifier>
      <Extensions>rc;ico;cur;bmp;dlg;rc2;rct;bin;rgs;gif;jpg;jpeg;jpe;resx;tiff;tif;png;wav;mfcribbon-ms</Extensions>
    </Filter>
  </ItemGroup>
  <ItemGroup>
    <ClInclude Include="stdafx.h">
      <Filter>Header Files</Filter>
    </ClInclude>
    <ClInclude Include="targetver.h">
      <Filter>Header Files</Filter>
    </ClInclude>
    <ClInclude Include="..\iReader\src\AsciiDriver.h">
      <Filter>Header Files</Filter>
    </ClInclude>
    <ClInclude Include="..\iReader\src\CrcUtils.h">
      <Filter>Header Files</Filter>
    </ClInclude>
    <ClInclude Include="..\iReader\src\define.h">
      <Filter>Header Files</Filter>
    </ClInclude>
    <ClInclude Include="..\iReader\src\HostTypes.h">
      <Filter>Header Files</Filter>
    </ClInclude>
    <ClInclude Include="..\iReader\src\iReader.h">
      <Filter>Header Files</Filter>
    </ClInclude>
    <ClInclude Include="..\iReader\src\iReaderapi.h">
      <Filter>Header Files</Filter>
    </ClInclude>
    <ClInclude Include="..\iReader\src\iReadererror.h">
      <Filter>Header Files</Filter>
    </ClInclude>
    <ClInclude Include="..\iReader\src\MsgUtils.h">
      <Filter>Header Files</Filter>
    </ClInclude>
    <ClInclude Include="..\iReader\src\muxapi.h">
      <Filter>Header Files</Filter>
    </ClInclude>
    <ClInclude Include="..\iReader\src\muxclient.h">
      <Filter>Header Files</Filter>
    </ClInclude>
    <ClInclude Include="..\iReader\src\muxdev.h">
      <Filter>Header Files</Filter>
    </ClInclude>
    <ClInclude Include="..\iReader\src\muxerror.h">
      <Filter>Header Files</Filter>
    </ClInclude>
    <ClInclude Include="..\iReader\src\muxserial.h">
      <Filter>Header Files</Filter>
    </ClInclude>
    <ClInclude Include="..\oswrapper\inc\OwTask.h">
      <Filter>Header Files</Filter>
    </ClInclude>
    <ClInclude Include="CWatchDogFeeder.h">
      <Filter>Header Files</Filter>
    </ClInclude>
    <ClInclude Include="..\oswrapper\inc\OwErrand.h">
      <Filter>Header Files</Filter>
    </ClInclude>
    <ClInclude Include="llrp_Controller.h">
      <Filter>Header Files</Filter>
    </ClInclude>
    <ClInclude Include="llrp_MntAgent.h">
      <Filter>Header Files</Filter>
    </ClInclude>
    <ClInclude Include="llrp_MntServer.h">
      <Filter>Header Files</Filter>
    </ClInclude>
    <ClInclude Include="llrp_MsgProcessor.h">
      <Filter>Header Files</Filter>
    </ClInclude>
    <ClInclude Include="llrp_MsgTypes.h">
      <Filter>Header Files</Filter>
    </ClInclude>
    <ClInclude Include="llrp_ROSpecExecutor.h">
      <Filter>Header Files</Filter>
    </ClInclude>
    <ClInclude Include="..\oswrapper\inc\debug_print.h">
      <Filter>Header Files</Filter>
    </ClInclude>
    <ClInclude Include="..\oswrapper\inc\OwMutex.h">
      <Filter>Header Files</Filter>
    </ClInclude>
  </ItemGroup>
  <ItemGroup>
    <ClCompile Include="stdafx.cpp">
      <Filter>Source Files</Filter>
    </ClCompile>
    <ClCompile Include="llrp.cpp">
      <Filter>Source Files</Filter>
    </ClCompile>
    <ClCompile Include="..\iReader\src\client.cpp">
      <Filter>Source Files</Filter>
    </ClCompile>
    <ClCompile Include="..\iReader\src\CrcUtils.cpp">
      <Filter>Source Files</Filter>
    </ClCompile>
    <ClCompile Include="..\iReader\src\iReader.cpp">
      <Filter>Source Files</Filter>
    </ClCompile>
    <ClCompile Include="..\iReader\src\iReaderapi.cpp">
      <Filter>Source Files</Filter>
    </ClCompile>
    <ClCompile Include="..\iReader\src\MsgUtils.cpp">
      <Filter>Source Files</Filter>
    </ClCompile>
    <ClCompile Include="..\iReader\src\muxapi.cpp">
      <Filter>Source Files</Filter>
    </ClCompile>
    <ClCompile Include="..\iReader\src\muxClient.cpp">
      <Filter>Source Files</Filter>
    </ClCompile>
    <ClCompile Include="..\iReader\src\muxdev.cpp">
      <Filter>Source Files</Filter>
    </ClCompile>
    <ClCompile Include="..\iReader\src\muxserial.cpp">
      <Filter>Source Files</Filter>
    </ClCompile>
    <ClCompile Include="..\iReader\src\muxutils.cpp">
      <Filter>Source Files</Filter>
    </ClCompile>
    <ClCompile Include="CWatchDogFeeder.cpp">
      <Filter>Source Files</Filter>
    </ClCompile>
    <ClCompile Include="..\oswrapper\src\OwTask.cpp">
      <Filter>Source Files</Filter>
    </ClCompile>
    <ClCompile Include="..\oswrapper\src\OwErrand.cpp">
      <Filter>Source Files</Filter>
    </ClCompile>
    <ClCompile Include="llrp_MntServer.cpp">
      <Filter>Source Files</Filter>
    </ClCompile>
    <ClCompile Include="llrp_MsgProcessor.cpp">
      <Filter>Source Files</Filter>
    </ClCompile>
    <ClCompile Include="llrp_ROSpecExecutor.cpp">
      <Filter>Source Files</Filter>
    </ClCompile>
    <ClCompile Include="llrp_MntAgent.cpp">
      <Filter>Source Files</Filter>
    </ClCompile>
    <ClCompile Include="..\oswrapper\src\debug_print.cpp">
      <Filter>Source Files</Filter>
    </ClCompile>
    <ClCompile Include="..\oswrapper\src\OwMutex.cpp">
      <Filter>Source Files</Filter>
    </ClCompile>
    <ClCompile Include="cli.cpp">
      <Filter>Source Files</Filter>
    </ClCompile>
  </ItemGroup>
</Project>